PODS:
  - R.swift (2.4.0):
    - R.swift.Library (~> 2.2.0)
  - R.swift.Library (2.2.0)

DEPENDENCIES:
  - R.swift

SPEC CHECKSUMS:
  R.swift: 0ef9c42dc6c94ac44a3c78a7639c73f855a8e159
  R.swift.Library: 31a487b65381f37a7d203a6f1f935b43c9be35b0

PODFILE CHECKSUM: bfafb779bee4d97c2a1c269b628e74d948a6e3ba

COCOAPODS: 1.0.1
